
Microsoft Visual Studio Solution File, Format Version 11.00
# Visual Studio 2010
Project("{FAE04EC0-301F-11D3-BF4B-00C04F79EFBC}") = "Business.Tests", "Business.Tests\Business.Tests.csproj", "{E58E8661-BF3F-4DAF-BA72-2D824382328F}"
EndProject
Project("{FAE04EC0-301F-11D3-BF4B-00C04F79EFBC}") = "Business", "Business\Business.csproj", "{804039D3-A911-43CC-A75F-85E544C71629}"
EndProject
Project("{FAE04EC0-301F-11D3-BF4B-00C04F79EFBC}") = "RestService", "RestService\RestService.csproj", "{6D79F25E-0BF5-466B-A1B3-FAFD9A211046}"
EndProject
Project("{FAE04EC0-301F-11D3-BF4B-00C04F79EFBC}") = "RestService.Tests", "RestService.Tests\RestService.Tests.csproj", "{D1C1CDE4-B1DA-4D05-925D-46CDE55C1455}"
EndProject
Project("{FAE04EC0-301F-11D3-BF4B-00C04F79EFBC}") = "Client", "Client\Client.csproj", "{36B7ADBD-E9A0-4B0A-AC1A-9FB83A7664BA}"
EndProject
Project("{FAE04EC0-301F-11D3-BF4B-00C04F79EFBC}") = "Facade", "Facade\Facade.csproj", "{70D93217-DEB3-4843-9C0F-BED6CC0E654C}"
EndProject
Project("{FAE04EC0-301F-11D3-BF4B-00C04F79EFBC}") = "DataAccess.MongoDB", "DataAccess.MongoDB\DataAccess.MongoDB.csproj", "{4A5D3818-5B3A-41FE-AD1C-5BCAC14BDBA7}"
EndProject
Project("{FAE04EC0-301F-11D3-BF4B-00C04F79EFBC}") = "DataAccess.MongoDB.Tests", "DataAccess.MongoDB.Tests\DataAccess.MongoDB.Tests.csproj", "{C092B1FE-42FB-404B-AE80-A12C54BB9B7F}"
EndProject
Project("{2150E333-8FDC-42A3-9474-1A3956D46DE8}") = "Client", "Client", "{E00FF13C-9677-409A-B26B-A53BC93C36D4}"
EndProject
Project("{FAE04EC0-301F-11D3-BF4B-00C04F79EFBC}") = "Client.Tests", "Client.Tests\Client.Tests.csproj", "{E6CABAAF-B770-499A-976B-8A83CD09A84E}"
EndProject
Project("{FAE04EC0-301F-11D3-BF4B-00C04F79EFBC}") = "ExamplePublisher", "ExamplePublisher\ExamplePublisher.csproj", "{D128CB57-C799-465F-B8F1-87C488724599}"
EndProject
Project("{FAE04EC0-301F-11D3-BF4B-00C04F79EFBC}") = "ExampleSubscriber", "ExampleSubscriber\ExampleSubscriber.csproj", "{628EB1A7-9C25-43AD-986A-74C859C7D419}"
EndProject
Project("{2150E333-8FDC-42A3-9474-1A3956D46DE8}") = "Examples", "Examples", "{FC9A5881-07DB-4570-AA8A-47552121185D}"
EndProject
Project("{FAE04EC0-301F-11D3-BF4B-00C04F79EFBC}") = "JsClient", "JsClient\JsClient.csproj", "{330E9CC0-1D78-491A-9942-7B596B1A62D3}"
EndProject
Global
	GlobalSection(SolutionConfigurationPlatforms) = preSolution
		Debug|Any CPU = Debug|Any CPU
		Debug|Mixed Platforms = Debug|Mixed Platforms
		Debug|x86 = Debug|x86
		Release|Any CPU = Release|Any CPU
		Release|Mixed Platforms = Release|Mixed Platforms
		Release|x86 = Release|x86
	EndGlobalSection
	GlobalSection(ProjectConfigurationPlatforms) = postSolution
		{E58E8661-BF3F-4DAF-BA72-2D824382328F}.Debug|Any CPU.ActiveCfg = Debug|Any CPU
		{E58E8661-BF3F-4DAF-BA72-2D824382328F}.Debug|Any CPU.Build.0 = Debug|Any CPU
		{E58E8661-BF3F-4DAF-BA72-2D824382328F}.Debug|Mixed Platforms.ActiveCfg = Debug|Any CPU
		{E58E8661-BF3F-4DAF-BA72-2D824382328F}.Debug|Mixed Platforms.Build.0 = Debug|Any CPU
		{E58E8661-BF3F-4DAF-BA72-2D824382328F}.Debug|x86.ActiveCfg = Debug|Any CPU
		{E58E8661-BF3F-4DAF-BA72-2D824382328F}.Debug|x86.Build.0 = Debug|Any CPU
		{E58E8661-BF3F-4DAF-BA72-2D824382328F}.Release|Any CPU.ActiveCfg = Release|Any CPU
		{E58E8661-BF3F-4DAF-BA72-2D824382328F}.Release|Any CPU.Build.0 = Release|Any CPU
		{E58E8661-BF3F-4DAF-BA72-2D824382328F}.Release|Mixed Platforms.ActiveCfg = Release|Any CPU
		{E58E8661-BF3F-4DAF-BA72-2D824382328F}.Release|Mixed Platforms.Build.0 = Release|Any CPU
		{E58E8661-BF3F-4DAF-BA72-2D824382328F}.Release|x86.ActiveCfg = Release|Any CPU
		{804039D3-A911-43CC-A75F-85E544C71629}.Debug|Any CPU.ActiveCfg = Debug|Any CPU
		{804039D3-A911-43CC-A75F-85E544C71629}.Debug|Any CPU.Build.0 = Debug|Any CPU
		{804039D3-A911-43CC-A75F-85E544C71629}.Debug|Mixed Platforms.ActiveCfg = Debug|Any CPU
		{804039D3-A911-43CC-A75F-85E544C71629}.Debug|Mixed Platforms.Build.0 = Debug|Any CPU
		{804039D3-A911-43CC-A75F-85E544C71629}.Debug|x86.ActiveCfg = Debug|Any CPU
		{804039D3-A911-43CC-A75F-85E544C71629}.Release|Any CPU.ActiveCfg = Release|Any CPU
		{804039D3-A911-43CC-A75F-85E544C71629}.Release|Any CPU.Build.0 = Release|Any CPU
		{804039D3-A911-43CC-A75F-85E544C71629}.Release|Mixed Platforms.ActiveCfg = Release|Any CPU
		{804039D3-A911-43CC-A75F-85E544C71629}.Release|Mixed Platforms.Build.0 = Release|Any CPU
		{804039D3-A911-43CC-A75F-85E544C71629}.Release|x86.ActiveCfg = Release|Any CPU
		{6D79F25E-0BF5-466B-A1B3-FAFD9A211046}.Debug|Any CPU.ActiveCfg = Debug|Any CPU
		{6D79F25E-0BF5-466B-A1B3-FAFD9A211046}.Debug|Any CPU.Build.0 = Debug|Any CPU
		{6D79F25E-0BF5-466B-A1B3-FAFD9A211046}.Debug|Mixed Platforms.ActiveCfg = Debug|Any CPU
		{6D79F25E-0BF5-466B-A1B3-FAFD9A211046}.Debug|Mixed Platforms.Build.0 = Debug|Any CPU
		{6D79F25E-0BF5-466B-A1B3-FAFD9A211046}.Debug|x86.ActiveCfg = Debug|Any CPU
		{6D79F25E-0BF5-466B-A1B3-FAFD9A211046}.Release|Any CPU.ActiveCfg = Release|Any CPU
		{6D79F25E-0BF5-466B-A1B3-FAFD9A211046}.Release|Any CPU.Build.0 = Release|Any CPU
		{6D79F25E-0BF5-466B-A1B3-FAFD9A211046}.Release|Mixed Platforms.ActiveCfg = Release|Any CPU
		{6D79F25E-0BF5-466B-A1B3-FAFD9A211046}.Release|Mixed Platforms.Build.0 = Release|Any CPU
		{6D79F25E-0BF5-466B-A1B3-FAFD9A211046}.Release|x86.ActiveCfg = Release|Any CPU
		{D1C1CDE4-B1DA-4D05-925D-46CDE55C1455}.Debug|Any CPU.ActiveCfg = Debug|Any CPU
		{D1C1CDE4-B1DA-4D05-925D-46CDE55C1455}.Debug|Any CPU.Build.0 = Debug|Any CPU
		{D1C1CDE4-B1DA-4D05-925D-46CDE55C1455}.Debug|Mixed Platforms.ActiveCfg = Debug|Any CPU
		{D1C1CDE4-B1DA-4D05-925D-46CDE55C1455}.Debug|Mixed Platforms.Build.0 = Debug|Any CPU
		{D1C1CDE4-B1DA-4D05-925D-46CDE55C1455}.Debug|x86.ActiveCfg = Debug|Any CPU
		{D1C1CDE4-B1DA-4D05-925D-46CDE55C1455}.Release|Any CPU.ActiveCfg = Release|Any CPU
		{D1C1CDE4-B1DA-4D05-925D-46CDE55C1455}.Release|Any CPU.Build.0 = Release|Any CPU
		{D1C1CDE4-B1DA-4D05-925D-46CDE55C1455}.Release|Mixed Platforms.ActiveCfg = Release|Any CPU
		{D1C1CDE4-B1DA-4D05-925D-46CDE55C1455}.Release|Mixed Platforms.Build.0 = Release|Any CPU
		{D1C1CDE4-B1DA-4D05-925D-46CDE55C1455}.Release|x86.ActiveCfg = Release|Any CPU
		{36B7ADBD-E9A0-4B0A-AC1A-9FB83A7664BA}.Debug|Any CPU.ActiveCfg = Debug|Any CPU
		{36B7ADBD-E9A0-4B0A-AC1A-9FB83A7664BA}.Debug|Any CPU.Build.0 = Debug|Any CPU
		{36B7ADBD-E9A0-4B0A-AC1A-9FB83A7664BA}.Debug|Mixed Platforms.ActiveCfg = Debug|Any CPU
		{36B7ADBD-E9A0-4B0A-AC1A-9FB83A7664BA}.Debug|Mixed Platforms.Build.0 = Debug|Any CPU
		{36B7ADBD-E9A0-4B0A-AC1A-9FB83A7664BA}.Debug|x86.ActiveCfg = Debug|Any CPU
		{36B7ADBD-E9A0-4B0A-AC1A-9FB83A7664BA}.Release|Any CPU.ActiveCfg = Release|Any CPU
		{36B7ADBD-E9A0-4B0A-AC1A-9FB83A7664BA}.Release|Any CPU.Build.0 = Release|Any CPU
		{36B7ADBD-E9A0-4B0A-AC1A-9FB83A7664BA}.Release|Mixed Platforms.ActiveCfg = Release|Any CPU
		{36B7ADBD-E9A0-4B0A-AC1A-9FB83A7664BA}.Release|Mixed Platforms.Build.0 = Release|Any CPU
		{36B7ADBD-E9A0-4B0A-AC1A-9FB83A7664BA}.Release|x86.ActiveCfg = Release|Any CPU
		{70D93217-DEB3-4843-9C0F-BED6CC0E654C}.Debug|Any CPU.ActiveCfg = Debug|Any CPU
		{70D93217-DEB3-4843-9C0F-BED6CC0E654C}.Debug|Any CPU.Build.0 = Debug|Any CPU
		{70D93217-DEB3-4843-9C0F-BED6CC0E654C}.Debug|Mixed Platforms.ActiveCfg = Debug|Any CPU
		{70D93217-DEB3-4843-9C0F-BED6CC0E654C}.Debug|Mixed Platforms.Build.0 = Debug|Any CPU
		{70D93217-DEB3-4843-9C0F-BED6CC0E654C}.Debug|x86.ActiveCfg = Debug|Any CPU
		{70D93217-DEB3-4843-9C0F-BED6CC0E654C}.Release|Any CPU.ActiveCfg = Release|Any CPU
		{70D93217-DEB3-4843-9C0F-BED6CC0E654C}.Release|Any CPU.Build.0 = Release|Any CPU
		{70D93217-DEB3-4843-9C0F-BED6CC0E654C}.Release|Mixed Platforms.ActiveCfg = Release|Any CPU
		{70D93217-DEB3-4843-9C0F-BED6CC0E654C}.Release|Mixed Platforms.Build.0 = Release|Any CPU
		{70D93217-DEB3-4843-9C0F-BED6CC0E654C}.Release|x86.ActiveCfg = Release|Any CPU
		{4A5D3818-5B3A-41FE-AD1C-5BCAC14BDBA7}.Debug|Any CPU.ActiveCfg = Debug|Any CPU
		{4A5D3818-5B3A-41FE-AD1C-5BCAC14BDBA7}.Debug|Any CPU.Build.0 = Debug|Any CPU
		{4A5D3818-5B3A-41FE-AD1C-5BCAC14BDBA7}.Debug|Mixed Platforms.ActiveCfg = Debug|Any CPU
		{4A5D3818-5B3A-41FE-AD1C-5BCAC14BDBA7}.Debug|Mixed Platforms.Build.0 = Debug|Any CPU
		{4A5D3818-5B3A-41FE-AD1C-5BCAC14BDBA7}.Debug|x86.ActiveCfg = Debug|Any CPU
		{4A5D3818-5B3A-41FE-AD1C-5BCAC14BDBA7}.Release|Any CPU.ActiveCfg = Release|Any CPU
		{4A5D3818-5B3A-41FE-AD1C-5BCAC14BDBA7}.Release|Any CPU.Build.0 = Release|Any CPU
		{4A5D3818-5B3A-41FE-AD1C-5BCAC14BDBA7}.Release|Mixed Platforms.ActiveCfg = Release|Any CPU
		{4A5D3818-5B3A-41FE-AD1C-5BCAC14BDBA7}.Release|Mixed Platforms.Build.0 = Release|Any CPU
		{4A5D3818-5B3A-41FE-AD1C-5BCAC14BDBA7}.Release|x86.ActiveCfg = Release|Any CPU
		{C092B1FE-42FB-404B-AE80-A12C54BB9B7F}.Debug|Any CPU.ActiveCfg = Debug|Any CPU
		{C092B1FE-42FB-404B-AE80-A12C54BB9B7F}.Debug|Any CPU.Build.0 = Debug|Any CPU
		{C092B1FE-42FB-404B-AE80-A12C54BB9B7F}.Debug|Mixed Platforms.ActiveCfg = Debug|Any CPU
		{C092B1FE-42FB-404B-AE80-A12C54BB9B7F}.Debug|Mixed Platforms.Build.0 = Debug|Any CPU
		{C092B1FE-42FB-404B-AE80-A12C54BB9B7F}.Debug|x86.ActiveCfg = Debug|Any CPU
		{C092B1FE-42FB-404B-AE80-A12C54BB9B7F}.Release|Any CPU.ActiveCfg = Release|Any CPU
		{C092B1FE-42FB-404B-AE80-A12C54BB9B7F}.Release|Any CPU.Build.0 = Release|Any CPU
		{C092B1FE-42FB-404B-AE80-A12C54BB9B7F}.Release|Mixed Platforms.ActiveCfg = Release|Any CPU
		{C092B1FE-42FB-404B-AE80-A12C54BB9B7F}.Release|Mixed Platforms.Build.0 = Release|Any CPU
		{C092B1FE-42FB-404B-AE80-A12C54BB9B7F}.Release|x86.ActiveCfg = Release|Any CPU
		{E6CABAAF-B770-499A-976B-8A83CD09A84E}.Debug|Any CPU.ActiveCfg = Debug|Any CPU
		{E6CABAAF-B770-499A-976B-8A83CD09A84E}.Debug|Any CPU.Build.0 = Debug|Any CPU
		{E6CABAAF-B770-499A-976B-8A83CD09A84E}.Debug|Mixed Platforms.ActiveCfg = Debug|Any CPU
		{E6CABAAF-B770-499A-976B-8A83CD09A84E}.Debug|Mixed Platforms.Build.0 = Debug|Any CPU
		{E6CABAAF-B770-499A-976B-8A83CD09A84E}.Debug|x86.ActiveCfg = Debug|Any CPU
		{E6CABAAF-B770-499A-976B-8A83CD09A84E}.Release|Any CPU.ActiveCfg = Release|Any CPU
		{E6CABAAF-B770-499A-976B-8A83CD09A84E}.Release|Any CPU.Build.0 = Release|Any CPU
		{E6CABAAF-B770-499A-976B-8A83CD09A84E}.Release|Mixed Platforms.ActiveCfg = Release|Any CPU
		{E6CABAAF-B770-499A-976B-8A83CD09A84E}.Release|Mixed Platforms.Build.0 = Release|Any CPU
		{E6CABAAF-B770-499A-976B-8A83CD09A84E}.Release|x86.ActiveCfg = Release|Any CPU
		{D128CB57-C799-465F-B8F1-87C488724599}.Debug|Any CPU.ActiveCfg = Debug|x86
		{D128CB57-C799-465F-B8F1-87C488724599}.Debug|Mixed Platforms.ActiveCfg = Debug|x86
		{D128CB57-C799-465F-B8F1-87C488724599}.Debug|Mixed Platforms.Build.0 = Debug|x86
		{D128CB57-C799-465F-B8F1-87C488724599}.Debug|x86.ActiveCfg = Debug|x86
		{D128CB57-C799-465F-B8F1-87C488724599}.Debug|x86.Build.0 = Debug|x86
		{D128CB57-C799-465F-B8F1-87C488724599}.Release|Any CPU.ActiveCfg = Release|x86
		{D128CB57-C799-465F-B8F1-87C488724599}.Release|Mixed Platforms.ActiveCfg = Release|x86
		{D128CB57-C799-465F-B8F1-87C488724599}.Release|Mixed Platforms.Build.0 = Release|x86
		{D128CB57-C799-465F-B8F1-87C488724599}.Release|x86.ActiveCfg = Release|x86
		{D128CB57-C799-465F-B8F1-87C488724599}.Release|x86.Build.0 = Release|x86
		{628EB1A7-9C25-43AD-986A-74C859C7D419}.Debug|Any CPU.ActiveCfg = Debug|x86
		{628EB1A7-9C25-43AD-986A-74C859C7D419}.Debug|Mixed Platforms.ActiveCfg = Debug|x86
		{628EB1A7-9C25-43AD-986A-74C859C7D419}.Debug|Mixed Platforms.Build.0 = Debug|x86
		{628EB1A7-9C25-43AD-986A-74C859C7D419}.Debug|x86.ActiveCfg = Debug|x86
		{628EB1A7-9C25-43AD-986A-74C859C7D419}.Debug|x86.Build.0 = Debug|x86
		{628EB1A7-9C25-43AD-986A-74C859C7D419}.Release|Any CPU.ActiveCfg = Release|x86
		{628EB1A7-9C25-43AD-986A-74C859C7D419}.Release|Mixed Platforms.ActiveCfg = Release|x86
		{628EB1A7-9C25-43AD-986A-74C859C7D419}.Release|Mixed Platforms.Build.0 = Release|x86
		{628EB1A7-9C25-43AD-986A-74C859C7D419}.Release|x86.ActiveCfg = Release|x86
		{628EB1A7-9C25-43AD-986A-74C859C7D419}.Release|x86.Build.0 = Release|x86
		{330E9CC0-1D78-491A-9942-7B596B1A62D3}.Debug|Any CPU.ActiveCfg = Debug|Any CPU
		{330E9CC0-1D78-491A-9942-7B596B1A62D3}.Debug|Any CPU.Build.0 = Debug|Any CPU
		{330E9CC0-1D78-491A-9942-7B596B1A62D3}.Debug|Mixed Platforms.ActiveCfg = Debug|Any CPU
		{330E9CC0-1D78-491A-9942-7B596B1A62D3}.Debug|Mixed Platforms.Build.0 = Debug|Any CPU
		{330E9CC0-1D78-491A-9942-7B596B1A62D3}.Debug|x86.ActiveCfg = Debug|Any CPU
		{330E9CC0-1D78-491A-9942-7B596B1A62D3}.Release|Any CPU.ActiveCfg = Release|Any CPU
		{330E9CC0-1D78-491A-9942-7B596B1A62D3}.Release|Any CPU.Build.0 = Release|Any CPU
		{330E9CC0-1D78-491A-9942-7B596B1A62D3}.Release|Mixed Platforms.ActiveCfg = Release|Any CPU
		{330E9CC0-1D78-491A-9942-7B596B1A62D3}.Release|Mixed Platforms.Build.0 = Release|Any CPU
		{330E9CC0-1D78-491A-9942-7B596B1A62D3}.Release|x86.ActiveCfg = Release|Any CPU
	EndGlobalSection
	GlobalSection(SolutionProperties) = preSolution
		HideSolutionNode = FALSE
	EndGlobalSection
	GlobalSection(NestedProjects) = preSolution
		{36B7ADBD-E9A0-4B0A-AC1A-9FB83A7664BA} = {E00FF13C-9677-409A-B26B-A53BC93C36D4}
		{E6CABAAF-B770-499A-976B-8A83CD09A84E} = {E00FF13C-9677-409A-B26B-A53BC93C36D4}
		{330E9CC0-1D78-491A-9942-7B596B1A62D3} = {E00FF13C-9677-409A-B26B-A53BC93C36D4}
		{628EB1A7-9C25-43AD-986A-74C859C7D419} = {FC9A5881-07DB-4570-AA8A-47552121185D}
		{D128CB57-C799-465F-B8F1-87C488724599} = {FC9A5881-07DB-4570-AA8A-47552121185D}
	EndGlobalSection
EndGlobal
